
Microsoft Visual Studio Solution File, Format Version 12.00
# Visual Studio Version 17
VisualStudioVersion = 17.5.33516.290
MinimumVisualStudioVersion = 10.0.40219.1
Project("{FAE04EC0-301F-11D3-BF4B-00C04F79EFBC}") = "Ex2Lab2", "Ex2Lab2\Ex2Lab2.csproj", "{F1A495BD-DC84-44E1-A4E0-0D5F23957695}"
EndProject
Global
	GlobalSection(SolutionConfigurationPlatforms) = preSolution
		Debug|Any CPU = Debug|Any CPU
		Release|Any CPU = Release|Any CPU
	EndGlobalSection
	GlobalSection(ProjectConfigurationPlatforms) = postSolution
		{F1A495BD-DC84-44E1-A4E0-0D5F23957695}.Debug|Any CPU.ActiveCfg = Debug|Any CPU
		{F1A495BD-DC84-44E1-A4E0-0D5F23957695}.Debug|Any CPU.Build.0 = Debug|Any CPU
		{F1A495BD-DC84-44E1-A4E0-0D5F23957695}.Release|Any CPU.ActiveCfg = Release|Any CPU
		{F1A495BD-DC84-44E1-A4E0-0D5F23957695}.Release|Any CPU.Build.0 = Release|Any CPU
	EndGlobalSection
	GlobalSection(SolutionProperties) = preSolution
		HideSolutionNode = FALSE
	EndGlobalSection
	GlobalSection(ExtensibilityGlobals) = postSolution
		SolutionGuid = {79A330B2-DE34-4468-8E20-367B66509E0B}
	EndGlobalSection
EndGlobal
